// !$*UTF8*$!
{
	archiveVersion = 1;
	classes = {
	};
	objectVersion = 48;
	objects = {

/* Begin PBXBuildFile section */
		8EBAC349200CF00000D85B62 /* AppDelegate.swift in Sources */ = {isa = PBXBuildFile; fileRef = 8EBAC348200CF00000D85B62 /* AppDelegate.swift */; };
		8EBAC350200CF00000D85B62 /* Assets.xcassets in Resources */ = {isa = PBXBuildFile; fileRef = 8EBAC34F200CF00000D85B62 /* Assets.xcassets */; };
		8EBAC366200CF1C600D85B62 /* cameraClick.mp3 in Resources */ = {isa = PBXBuildFile; fileRef = 8EBAC362200CF1C600D85B62 /* cameraClick.mp3 */; };
		8EBAC367200CF1C600D85B62 /* cameraClickFlash.mp3 in Resources */ = {isa = PBXBuildFile; fileRef = 8EBAC363200CF1C600D85B62 /* cameraClickFlash.mp3 */; };
		8EBAC368200CF1C600D85B62 /* cameraFilmAdvance.mp3 in Resources */ = {isa = PBXBuildFile; fileRef = 8EBAC364200CF1C600D85B62 /* cameraFilmAdvance.mp3 */; };
		8EBAC369200CF1C600D85B62 /* cameraFlash.mp3 in Resources */ = {isa = PBXBuildFile; fileRef = 8EBAC365200CF1C600D85B62 /* cameraFlash.mp3 */; };
		8EBAC375200CF31000D85B62 /* Main.storyboard in Resources */ = {isa = PBXBuildFile; fileRef = 8EBAC373200CF30F00D85B62 /* Main.storyboard */; };
		8EBAC37F200CF55300D85B62 /* BackgroundHelper.m in Sources */ = {isa = PBXBuildFile; fileRef = 8EBAC378200CF55000D85B62 /* BackgroundHelper.m */; };
		8EBAC380200CF55300D85B62 /* CameraOverlayViewController.m in Sources */ = {isa = PBXBuildFile; fileRef = 8EBAC37B200CF55200D85B62 /* CameraOverlayViewController.m */; };
		8EBAC381200CF55300D85B62 /* FilmRollViewController.m in Sources */ = {isa = PBXBuildFile; fileRef = 8EBAC37C200CF55200D85B62 /* FilmRollViewController.m */; };
		8EBAC382200CF55300D85B62 /* ViewController.m in Sources */ = {isa = PBXBuildFile; fileRef = 8EBAC37D200CF55200D85B62 /* ViewController.m */; };
		8EBAC3C8200CF5AC00D85B62 /* ALAssetsLibrary+CustomPhotoAlbum.m in Sources */ = {isa = PBXBuildFile; fileRef = 8EBAC3C2200CF5AA00D85B62 /* ALAssetsLibrary+CustomPhotoAlbum.m */; };
		8EBAC3C9200CF5AC00D85B62 /* MBProgressHUD.m in Sources */ = {isa = PBXBuildFile; fileRef = 8EBAC3C3200CF5AA00D85B62 /* MBProgressHUD.m */; };
		8EBAC3D3200CF5E800D85B62 /* Splash.storyboard in Resources */ = {isa = PBXBuildFile; fileRef = 8EBAC3CB200CF5E800D85B62 /* Splash.storyboard */; };
		8EBAC3D4200CF5E800D85B62 /* iPhone5.8.storyboard in Resources */ = {isa = PBXBuildFile; fileRef = 8EBAC3CD200CF5E800D85B62 /* iPhone5.8.storyboard */; };
		8EBAC3D5200CF5E800D85B62 /* iPhone4.7.storyboard in Resources */ = {isa = PBXBuildFile; fileRef = 8EBAC3CF200CF5E800D85B62 /* iPhone4.7.storyboard */; };
		8EBAC3D6200CF5E800D85B62 /* iPhone5.5.storyboard in Resources */ = {isa = PBXBuildFile; fileRef = 8EBAC3D1200CF5E800D85B62 /* iPhone5.5.storyboard */; };
		8EBAC3E5200D250A00D85B62 /* UIViewController+Utils.swift in Sources */ = {isa = PBXBuildFile; fileRef = 8EBAC3E4200D250A00D85B62 /* UIViewController+Utils.swift */; };
		8EBAC3E7200D264D00D85B62 /* AnalyticsService.swift in Sources */ = {isa = PBXBuildFile; fileRef = 8EBAC3E6200D264D00D85B62 /* AnalyticsService.swift */; };
		8EBAC3EB200D3B9B00D85B62 /* GoogleService-Info.plist in Resources */ = {isa = PBXBuildFile; fileRef = 8EBAC3EA200D3B9A00D85B62 /* GoogleService-Info.plist */; };
		FB917AC59BF48573A28DADAB /* Pods_24snaps.framework in Frameworks */ = {isa = PBXBuildFile; fileRef = 3C23D79859AA849CAFB6FAD9 /* Pods_24snaps.framework */; };
/* End PBXBuildFile section */

/* Begin PBXFileReference section */
		31D8452BA539DDD97994B91F /* Pods-24snaps.debug.xcconfig */ = {isa = PBXFileReference; includeInIndex = 1; lastKnownFileType = text.xcconfig; name = "Pods-24snaps.debug.xcconfig"; path = "Pods/Target Support Files/Pods-24snaps/Pods-24snaps.debug.xcconfig"; sourceTree = "<group>"; };
		3C23D79859AA849CAFB6FAD9 /* Pods_24snaps.framework */ = {isa = PBXFileReference; explicitFileType = wrapper.framework; includeInIndex = 0; path = Pods_24snaps.framework; sourceTree = BUILT_PRODUCTS_DIR; };
		8EBAC345200CF00000D85B62 /* 24snaps.app */ = {isa = PBXFileReference; explicitFileType = wrapper.application; includeInIndex = 0; path = 24snaps.app; sourceTree = BUILT_PRODUCTS_DIR; };
		8EBAC348200CF00000D85B62 /* AppDelegate.swift */ = {isa = PBXFileReference; lastKnownFileType = sourcecode.swift; path = AppDelegate.swift; sourceTree = "<group>"; };
		8EBAC34F200CF00000D85B62 /* Assets.xcassets */ = {isa = PBXFileReference; lastKnownFileType = folder.assetcatalog; path = Assets.xcassets; sourceTree = "<group>"; };
		8EBAC354200CF00000D85B62 /* Info.plist */ = {isa = PBXFileReference; lastKnownFileType = text.plist.xml; path = Info.plist; sourceTree = "<group>"; };
		8EBAC362200CF1C600D85B62 /* cameraClick.mp3 */ = {isa = PBXFileReference; lastKnownFileType = audio.mp3; path = cameraClick.mp3; sourceTree = SOURCE_ROOT; };
		8EBAC363200CF1C600D85B62 /* cameraClickFlash.mp3 */ = {isa = PBXFileReference; lastKnownFileType = audio.mp3; path = cameraClickFlash.mp3; sourceTree = SOURCE_ROOT; };
		8EBAC364200CF1C600D85B62 /* cameraFilmAdvance.mp3 */ = {isa = PBXFileReference; lastKnownFileType = audio.mp3; path = cameraFilmAdvance.mp3; sourceTree = SOURCE_ROOT; };
		8EBAC365200CF1C600D85B62 /* cameraFlash.mp3 */ = {isa = PBXFileReference; lastKnownFileType = audio.mp3; path = cameraFlash.mp3; sourceTree = SOURCE_ROOT; };
		8EBAC374200CF30F00D85B62 /* Base */ = {isa = PBXFileReference; lastKnownFileType = file.storyboard; name = Base; path = 24snaps/Base.lproj/Main.storyboard; sourceTree = SOURCE_ROOT; };
		8EBAC377200CF54F00D85B62 /* ViewController.h */ = {isa = PBXFileReference; fileEncoding = 4; lastKnownFileType = sourcecode.c.h; path = ViewController.h; sourceTree = "<group>"; };
		8EBAC378200CF55000D85B62 /* BackgroundHelper.m */ = {isa = PBXFileReference; fileEncoding = 4; lastKnownFileType = sourcecode.c.objc; path = BackgroundHelper.m; sourceTree = "<group>"; };
		8EBAC379200CF55100D85B62 /* CameraOverlayViewController.h */ = {isa = PBXFileReference; fileEncoding = 4; lastKnownFileType = sourcecode.c.h; path = CameraOverlayViewController.h; sourceTree = "<group>"; };
		8EBAC37A200CF55100D85B62 /* FilmRollViewController.h */ = {isa = PBXFileReference; fileEncoding = 4; lastKnownFileType = sourcecode.c.h; path = FilmRollViewController.h; sourceTree = "<group>"; };
		8EBAC37B200CF55200D85B62 /* CameraOverlayViewController.m */ = {isa = PBXFileReference; fileEncoding = 4; lastKnownFileType = sourcecode.c.objc; path = CameraOverlayViewController.m; sourceTree = "<group>"; };
		8EBAC37C200CF55200D85B62 /* FilmRollViewController.m */ = {isa = PBXFileReference; fileEncoding = 4; lastKnownFileType = sourcecode.c.objc; path = FilmRollViewController.m; sourceTree = "<group>"; };
		8EBAC37D200CF55200D85B62 /* ViewController.m */ = {isa = PBXFileReference; fileEncoding = 4; lastKnownFileType = sourcecode.c.objc; path = ViewController.m; sourceTree = "<group>"; };
		8EBAC37E200CF55300D85B62 /* BackgroundHelper.h */ = {isa = PBXFileReference; fileEncoding = 4; lastKnownFileType = sourcecode.c.h; path = BackgroundHelper.h; sourceTree = "<group>"; };
		8EBAC3C2200CF5AA00D85B62 /* ALAssetsLibrary+CustomPhotoAlbum.m */ = {isa = PBXFileReference; fileEncoding = 4; lastKnownFileType = sourcecode.c.objc; path = "ALAssetsLibrary+CustomPhotoAlbum.m"; sourceTree = "<group>"; };
		8EBAC3C3200CF5AA00D85B62 /* MBProgressHUD.m */ = {isa = PBXFileReference; fileEncoding = 4; lastKnownFileType = sourcecode.c.objc; path = MBProgressHUD.m; sourceTree = "<group>"; };
		8EBAC3C4200CF5AB00D85B62 /* MBProgressHUD.h */ = {isa = PBXFileReference; fileEncoding = 4; lastKnownFileType = sourcecode.c.h; path = MBProgressHUD.h; sourceTree = "<group>"; };
		8EBAC3C6200CF5AB00D85B62 /* ALAssetsLibrary+CustomPhotoAlbum.h */ = {isa = PBXFileReference; fileEncoding = 4; lastKnownFileType = sourcecode.c.h; path = "ALAssetsLibrary+CustomPhotoAlbum.h"; sourceTree = "<group>"; };
		8EBAC3CC200CF5E800D85B62 /* Base */ = {isa = PBXFileReference; lastKnownFileType = file.storyboard; name = Base; path = Base.lproj/Splash.storyboard; sourceTree = "<group>"; };
		8EBAC3CE200CF5E800D85B62 /* Base */ = {isa = PBXFileReference; lastKnownFileType = file.storyboard; name = Base; path = Base.lproj/iPhone5.8.storyboard; sourceTree = "<group>"; };
		8EBAC3D0200CF5E800D85B62 /* Base */ = {isa = PBXFileReference; lastKnownFileType = file.storyboard; name = Base; path = Base.lproj/iPhone4.7.storyboard; sourceTree = "<group>"; };
		8EBAC3D2200CF5E800D85B62 /* Base */ = {isa = PBXFileReference; lastKnownFileType = file.storyboard; name = Base; path = Base.lproj/iPhone5.5.storyboard; sourceTree = "<group>"; };
		8EBAC3E4200D250A00D85B62 /* UIViewController+Utils.swift */ = {isa = PBXFileReference; fileEncoding = 4; lastKnownFileType = sourcecode.swift; path = "UIViewController+Utils.swift"; sourceTree = "<group>"; };
		8EBAC3E6200D264D00D85B62 /* AnalyticsService.swift */ = {isa = PBXFileReference; lastKnownFileType = sourcecode.swift; path = AnalyticsService.swift; sourceTree = "<group>"; };
		8EBAC3E8200D2C1900D85B62 /* 24snaps-Bridging-Header.h */ = {isa = PBXFileReference; lastKnownFileType = sourcecode.c.h; path = "24snaps-Bridging-Header.h"; sourceTree = "<group>"; };
		8EBAC3E9200D323200D85B62 /* Constants.h */ = {isa = PBXFileReference; lastKnownFileType = sourcecode.c.h; path = Constants.h; sourceTree = "<group>"; };
		8EBAC3EA200D3B9A00D85B62 /* GoogleService-Info.plist */ = {isa = PBXFileReference; fileEncoding = 4; lastKnownFileType = text.plist.xml; path = "GoogleService-Info.plist"; sourceTree = "<group>"; };
		A61AED7CE4BB7BA7560D06B7 /* Pods-24snaps.release.xcconfig */ = {isa = PBXFileReference; includeInIndex = 1; lastKnownFileType = text.xcconfig; name = "Pods-24snaps.release.xcconfig"; path = "Pods/Target Support Files/Pods-24snaps/Pods-24snaps.release.xcconfig"; sourceTree = "<group>"; };
/* End PBXFileReference section */

/* Begin PBXFrameworksBuildPhase section */
		8EBAC342200CF00000D85B62 /* Frameworks */ = {
			isa = PBXFrameworksBuildPhase;
			buildActionMask = 2147483647;
			files = (
				FB917AC59BF48573A28DADAB /* Pods_24snaps.framework in Frameworks */,
			);
			runOnlyForDeploymentPostprocessing = 0;
		};
/* End PBXFrameworksBuildPhase section */

/* Begin PBXGroup section */
		292C2615A0F1EF9C41704ABC /* Frameworks */ = {
			isa = PBXGroup;
			children = (
				3C23D79859AA849CAFB6FAD9 /* Pods_24snaps.framework */,
			);
			name = Frameworks;
			sourceTree = "<group>";
		};
		8EBAC33C200CF00000D85B62 = {
			isa = PBXGroup;
			children = (
				8EBAC347200CF00000D85B62 /* 24snaps */,
				8EBAC346200CF00000D85B62 /* Products */,
				FCBC483993991AAD80490F7F /* Pods */,
				292C2615A0F1EF9C41704ABC /* Frameworks */,
			);
			sourceTree = "<group>";
		};
		8EBAC346200CF00000D85B62 /* Products */ = {
			isa = PBXGroup;
			children = (
				8EBAC345200CF00000D85B62 /* 24snaps.app */,
			);
			name = Products;
			sourceTree = "<group>";
		};
		8EBAC347200CF00000D85B62 /* 24snaps */ = {
			isa = PBXGroup;
			children = (
				8EBAC348200CF00000D85B62 /* AppDelegate.swift */,
				8EBAC3E4200D250A00D85B62 /* UIViewController+Utils.swift */,
				8EBAC34F200CF00000D85B62 /* Assets.xcassets */,
				8EBAC354200CF00000D85B62 /* Info.plist */,
				8EBAC362200CF1C600D85B62 /* cameraClick.mp3 */,
				8EBAC363200CF1C600D85B62 /* cameraClickFlash.mp3 */,
				8EBAC364200CF1C600D85B62 /* cameraFilmAdvance.mp3 */,
				8EBAC365200CF1C600D85B62 /* cameraFlash.mp3 */,
				8EBAC37E200CF55300D85B62 /* BackgroundHelper.h */,
				8EBAC378200CF55000D85B62 /* BackgroundHelper.m */,
				8EBAC379200CF55100D85B62 /* CameraOverlayViewController.h */,
				8EBAC37B200CF55200D85B62 /* CameraOverlayViewController.m */,
				8EBAC37A200CF55100D85B62 /* FilmRollViewController.h */,
				8EBAC37C200CF55200D85B62 /* FilmRollViewController.m */,
				8EBAC377200CF54F00D85B62 /* ViewController.h */,
				8EBAC37D200CF55200D85B62 /* ViewController.m */,
				8EBAC372200CF2AF00D85B62 /* Storyboards */,
				8EBAC3C6200CF5AB00D85B62 /* ALAssetsLibrary+CustomPhotoAlbum.h */,
				8EBAC3C2200CF5AA00D85B62 /* ALAssetsLibrary+CustomPhotoAlbum.m */,
				8EBAC3C4200CF5AB00D85B62 /* MBProgressHUD.h */,
				8EBAC3C3200CF5AA00D85B62 /* MBProgressHUD.m */,
				8EBAC3E6200D264D00D85B62 /* AnalyticsService.swift */,
				8EBAC3E8200D2C1900D85B62 /* 24snaps-Bridging-Header.h */,
				8EBAC3E9200D323200D85B62 /* Constants.h */,
				8EBAC3EA200D3B9A00D85B62 /* GoogleService-Info.plist */,
			);
			path = 24snaps;
			sourceTree = "<group>";
		};
		8EBAC372200CF2AF00D85B62 /* Storyboards */ = {
			isa = PBXGroup;
			children = (
				8EBAC373200CF30F00D85B62 /* Main.storyboard */,
				8EBAC3CF200CF5E800D85B62 /* iPhone4.7.storyboard */,
				8EBAC3D1200CF5E800D85B62 /* iPhone5.5.storyboard */,
				8EBAC3CD200CF5E800D85B62 /* iPhone5.8.storyboard */,
				8EBAC3CB200CF5E800D85B62 /* Splash.storyboard */,
			);
			name = Storyboards;
			sourceTree = "<group>";
		};
		FCBC483993991AAD80490F7F /* Pods */ = {
			isa = PBXGroup;
			children = (
				31D8452BA539DDD97994B91F /* Pods-24snaps.debug.xcconfig */,
				A61AED7CE4BB7BA7560D06B7 /* Pods-24snaps.release.xcconfig */,
			);
			name = Pods;
			sourceTree = "<group>";
		};
/* End PBXGroup section */

/* Begin PBXNativeTarget section */
		8EBAC344200CF00000D85B62 /* 24snaps */ = {
			isa = PBXNativeTarget;
			buildConfigurationList = 8EBAC357200CF00000D85B62 /* Build configuration list for PBXNativeTarget "24snaps" */;
			buildPhases = (
				A31EEE398A1E5AAC3A719F8E /* [CP] Check Pods Manifest.lock */,
				8EBAC341200CF00000D85B62 /* Sources */,
				8EBAC342200CF00000D85B62 /* Frameworks */,
				8EBAC343200CF00000D85B62 /* Resources */,
				86AC9931213271E274AEE233 /* [CP] Embed Pods Frameworks */,
				F48D229E3A1D61EC1FD7A7C3 /* [CP] Copy Pods Resources */,
				8EBAC3EC200D3BDD00D85B62 /* ShellScript */,
			);
			buildRules = (
			);
			dependencies = (
			);
			name = 24snaps;
			productName = 24snaps;
			productReference = 8EBAC345200CF00000D85B62 /* 24snaps.app */;
			productType = "com.apple.product-type.application";
		};
/* End PBXNativeTarget section */

/* Begin PBXProject section */
		8EBAC33D200CF00000D85B62 /* Project object */ = {
			isa = PBXProject;
			attributes = {
				LastSwiftUpdateCheck = 0910;
				LastUpgradeCheck = 0910;
				ORGANIZATIONNAME = "RenderApps LLC";
				TargetAttributes = {
					8EBAC344200CF00000D85B62 = {
						CreatedOnToolsVersion = 9.1;
						LastSwiftMigration = 0910;
						ProvisioningStyle = Automatic;
					};
				};
			};
			buildConfigurationList = 8EBAC340200CF00000D85B62 /* Build configuration list for PBXProject "24snaps" */;
			compatibilityVersion = "Xcode 8.0";
			developmentRegion = en;
			hasScannedForEncodings = 0;
			knownRegions = (
				en,
				Base,
			);
			mainGroup = 8EBAC33C200CF00000D85B62;
			productRefGroup = 8EBAC346200CF00000D85B62 /* Products */;
			projectDirPath = "";
			projectRoot = "";
			targets = (
				8EBAC344200CF00000D85B62 /* 24snaps */,
			);
		};
/* End PBXProject section */

/* Begin PBXResourcesBuildPhase section */
		8EBAC343200CF00000D85B62 /* Resources */ = {
			isa = PBXResourcesBuildPhase;
			buildActionMask = 2147483647;
			files = (
				8EBAC367200CF1C600D85B62 /* cameraClickFlash.mp3 in Resources */,
				8EBAC3D4200CF5E800D85B62 /* iPhone5.8.storyboard in Resources */,
				8EBAC366200CF1C600D85B62 /* cameraClick.mp3 in Resources */,
				8EBAC3D5200CF5E800D85B62 /* iPhone4.7.storyboard in Resources */,
				8EBAC368200CF1C600D85B62 /* cameraFilmAdvance.mp3 in Resources */,
				8EBAC3D6200CF5E800D85B62 /* iPhone5.5.storyboard in Resources */,
				8EBAC3D3200CF5E800D85B62 /* Splash.storyboard in Resources */,
				8EBAC375200CF31000D85B62 /* Main.storyboard in Resources */,
				8EBAC3EB200D3B9B00D85B62 /* GoogleService-Info.plist in Resources */,
				8EBAC369200CF1C600D85B62 /* cameraFlash.mp3 in Resources */,
				8EBAC350200CF00000D85B62 /* Assets.xcassets in Resources */,
			);
			runOnlyForDeploymentPostprocessing = 0;
		};
/* End PBXResourcesBuildPhase section */

/* Begin PBXShellScriptBuildPhase section */
		86AC9931213271E274AEE233 /* [CP] Embed Pods Frameworks */ = {
			isa = PBXShellScriptBuildPhase;
			buildActionMask = 2147483647;
			files = (
			);
			inputPaths = (
				"${SRCROOT}/Pods/Target Support Files/Pods-24snaps/Pods-24snaps-frameworks.sh",
				"${BUILT_PRODUCTS_DIR}/GoogleToolboxForMac/GoogleToolboxForMac.framework",
				"${BUILT_PRODUCTS_DIR}/nanopb/nanopb.framework",
			);
			name = "[CP] Embed Pods Frameworks";
			outputPaths = (
				"${TARGET_BUILD_DIR}/${FRAMEWORKS_FOLDER_PATH}/GoogleToolboxForMac.framework",
				"${TARGET_BUILD_DIR}/${FRAMEWORKS_FOLDER_PATH}/nanopb.framework",
			);
			runOnlyForDeploymentPostprocessing = 0;
			shellPath = /bin/sh;
			shellScript = "\"${SRCROOT}/Pods/Target Support Files/Pods-24snaps/Pods-24snaps-frameworks.sh\"\n";
			showEnvVarsInLog = 0;
		};
		8EBAC3EC200D3BDD00D85B62 /* ShellScript */ = {
			isa = PBXShellScriptBuildPhase;
			buildActionMask = 2147483647;
			files = (
			);
			inputPaths = (
			);
			outputPaths = (
			);
			runOnlyForDeploymentPostprocessing = 0;
			shellPath = /bin/sh;
			shellScript = "\"${PODS_ROOT}/Fabric/run\"";
		};
		A31EEE398A1E5AAC3A719F8E /* [CP] Check Pods Manifest.lock */ = {
			isa = PBXShellScriptBuildPhase;
			buildActionMask = 2147483647;
			files = (
			);
			inputPaths = (
				"${PODS_PODFILE_DIR_PATH}/Podfile.lock",
				"${PODS_ROOT}/Manifest.lock",
			);
			name = "[CP] Check Pods Manifest.lock";
			outputPaths = (
				"$(DERIVED_FILE_DIR)/Pods-24snaps-checkManifestLockResult.txt",
			);
			runOnlyForDeploymentPostprocessing = 0;
			shellPath = /bin/sh;
			shellScript = "diff \"${PODS_PODFILE_DIR_PATH}/Podfile.lock\" \"${PODS_ROOT}/Manifest.lock\" > /dev/null\nif [ $? != 0 ] ; then\n    # print error to STDERR\n    echo \"error: The sandbox is not in sync with the Podfile.lock. Run 'pod install' or update your CocoaPods installation.\" >&2\n    exit 1\nfi\n# This output is used by Xcode 'outputs' to avoid re-running this script phase.\necho \"SUCCESS\" > \"${SCRIPT_OUTPUT_FILE_0}\"\n";
			showEnvVarsInLog = 0;
		};
		F48D229E3A1D61EC1FD7A7C3 /* [CP] Copy Pods Resources */ = {
			isa = PBXShellScriptBuildPhase;
			buildActionMask = 2147483647;
			files = (
			);
			inputPaths = (
			);
			name = "[CP] Copy Pods Resources";
			outputPaths = (
			);
			runOnlyForDeploymentPostprocessing = 0;
			shellPath = /bin/sh;
			shellScript = "\"${SRCROOT}/Pods/Target Support Files/Pods-24snaps/Pods-24snaps-resources.sh\"\n";
			showEnvVarsInLog = 0;
		};
/* End PBXShellScriptBuildPhase section */

/* Begin PBXSourcesBuildPhase section */
		8EBAC341200CF00000D85B62 /* Sources */ = {
			isa = PBXSourcesBuildPhase;
			buildActionMask = 2147483647;
			files = (
				8EBAC380200CF55300D85B62 /* CameraOverlayViewController.m in Sources */,
				8EBAC349200CF00000D85B62 /* AppDelegate.swift in Sources */,
				8EBAC37F200CF55300D85B62 /* BackgroundHelper.m in Sources */,
				8EBAC381200CF55300D85B62 /* FilmRollViewController.m in Sources */,
				8EBAC3E5200D250A00D85B62 /* UIViewController+Utils.swift in Sources */,
				8EBAC382200CF55300D85B62 /* ViewController.m in Sources */,
				8EBAC3C8200CF5AC00D85B62 /* ALAssetsLibrary+CustomPhotoAlbum.m in Sources */,
				8EBAC3E7200D264D00D85B62 /* AnalyticsService.swift in Sources */,
				8EBAC3C9200CF5AC00D85B62 /* MBProgressHUD.m in Sources */,
			);
			runOnlyForDeploymentPostprocessing = 0;
		};
/* End PBXSourcesBuildPhase section */

/* Begin PBXVariantGroup section */
		8EBAC373200CF30F00D85B62 /* Main.storyboard */ = {
			isa = PBXVariantGroup;
			children = (
				8EBAC374200CF30F00D85B62 /* Base */,
			);
			name = Main.storyboard;
			sourceTree = "<group>";
		};
		8EBAC3CB200CF5E800D85B62 /* Splash.storyboard */ = {
			isa = PBXVariantGroup;
			children = (
				8EBAC3CC200CF5E800D85B62 /* Base */,
			);
			name = Splash.storyboard;
			sourceTree = "<group>";
		};
		8EBAC3CD200CF5E800D85B62 /* iPhone5.8.storyboard */ = {
			isa = PBXVariantGroup;
			children = (
				8EBAC3CE200CF5E800D85B62 /* Base */,
			);
			name = iPhone5.8.storyboard;
			sourceTree = "<group>";
		};
		8EBAC3CF200CF5E800D85B62 /* iPhone4.7.storyboard */ = {
			isa = PBXVariantGroup;
			children = (
				8EBAC3D0200CF5E800D85B62 /* Base */,
			);
			name = iPhone4.7.storyboard;
			sourceTree = "<group>";
		};
		8EBAC3D1200CF5E800D85B62 /* iPhone5.5.storyboard */ = {
			isa = PBXVariantGroup;
			children = (
				8EBAC3D2200CF5E800D85B62 /* Base */,
			);
			name = iPhone5.5.storyboard;
			sourceTree = "<group>";
		};
/* End PBXVariantGroup section */

/* Begin XCBuildConfiguration section */
		8EBAC355200CF00000D85B62 /* Debug */ = {
			isa = XCBuildConfiguration;
			buildSettings = {
				ALWAYS_SEARCH_USER_PATHS = NO;
				CLANG_ANALYZER_NONNULL = YES;
				CLANG_ANALYZER_NUMBER_OBJECT_CONVERSION = YES_AGGRESSIVE;
				CLANG_CXX_LANGUAGE_STANDARD = "gnu++14";
				CLANG_CXX_LIBRARY = "libc++";
				CLANG_ENABLE_MODULES = YES;
				CLANG_ENABLE_OBJC_ARC = YES;
				CLANG_WARN_BLOCK_CAPTURE_AUTORELEASING = YES;
				CLANG_WARN_BOOL_CONVERSION = YES;
				CLANG_WARN_COMMA = YES;
				CLANG_WARN_CONSTANT_CONVERSION = YES;
				CLANG_WARN_DIRECT_OBJC_ISA_USAGE = YES_ERROR;
				CLANG_WARN_DOCUMENTATION_COMMENTS = YES;
				CLANG_WARN_EMPTY_BODY = YES;
				CLANG_WARN_ENUM_CONVERSION = YES;
				CLANG_WARN_INFINITE_RECURSION = YES;
				CLANG_WARN_INT_CONVERSION = YES;
				CLANG_WARN_NON_LITERAL_NULL_CONVERSION = YES;
				CLANG_WARN_OBJC_LITERAL_CONVERSION = YES;
				CLANG_WARN_OBJC_ROOT_CLASS = YES_ERROR;
				CLANG_WARN_RANGE_LOOP_ANALYSIS = YES;
				CLANG_WARN_STRICT_PROTOTYPES = YES;
				CLANG_WARN_SUSPICIOUS_MOVE = YES;
				CLANG_WARN_UNGUARDED_AVAILABILITY = YES_AGGRESSIVE;
				CLANG_WARN_UNREACHABLE_CODE = YES;
				CLANG_WARN__DUPLICATE_METHOD_MATCH = YES;
				CODE_SIGN_IDENTITY = "iPhone Developer";
				COPY_PHASE_STRIP = NO;
				DEBUG_INFORMATION_FORMAT = dwarf;
				ENABLE_STRICT_OBJC_MSGSEND = YES;
				ENABLE_TESTABILITY = YES;
				GCC_C_LANGUAGE_STANDARD = gnu11;
				GCC_DYNAMIC_NO_PIC = NO;
				GCC_NO_COMMON_BLOCKS = YES;
				GCC_OPTIMIZATION_LEVEL = 0;
				GCC_PREPROCESSOR_DEFINITIONS = (
					"DEBUG=1",
					"$(inherited)",
				);
				GCC_WARN_64_TO_32_BIT_CONVERSION = YES;
				GCC_WARN_ABOUT_RETURN_TYPE = YES_ERROR;
				GCC_WARN_UNDECLARED_SELECTOR = YES;
				GCC_WARN_UNINITIALIZED_AUTOS = YES_AGGRESSIVE;
				GCC_WARN_UNUSED_FUNCTION = YES;
				GCC_WARN_UNUSED_VARIABLE = YES;
				IPHONEOS_DEPLOYMENT_TARGET = 11.1;
				MTL_ENABLE_DEBUG_INFO = YES;
				ONLY_ACTIVE_ARCH = YES;
				SDKROOT = iphoneos;
				SWIFT_ACTIVE_COMPILATION_CONDITIONS = DEBUG;
				SWIFT_OPTIMIZATION_LEVEL = "-Onone";
			};
			name = Debug;
		};
		8EBAC356200CF00000D85B62 /* Release */ = {
			isa = XCBuildConfiguration;
			buildSettings = {
				ALWAYS_SEARCH_USER_PATHS = NO;
				CLANG_ANALYZER_NONNULL = YES;
				CLANG_ANALYZER_NUMBER_OBJECT_CONVERSION = YES_AGGRESSIVE;
				CLANG_CXX_LANGUAGE_STANDARD = "gnu++14";
				CLANG_CXX_LIBRARY = "libc++";
				CLANG_ENABLE_MODULES = YES;
				CLANG_ENABLE_OBJC_ARC = YES;
				CLANG_WARN_BLOCK_CAPTURE_AUTORELEASING = YES;
				CLANG_WARN_BOOL_CONVERSION = YES;
				CLANG_WARN_COMMA = YES;
				CLANG_WARN_CONSTANT_CONVERSION = YES;
				CLANG_WARN_DIRECT_OBJC_ISA_USAGE = YES_ERROR;
				CLANG_WARN_DOCUMENTATION_COMMENTS = YES;
				CLANG_WARN_EMPTY_BODY = YES;
				CLANG_WARN_ENUM_CONVERSION = YES;
				CLANG_WARN_INFINITE_RECURSION = YES;
				CLANG_WARN_INT_CONVERSION = YES;
				CLANG_WARN_NON_LITERAL_NULL_CONVERSION = YES;
				CLANG_WARN_OBJC_LITERAL_CONVERSION = YES;
				CLANG_WARN_OBJC_ROOT_CLASS = YES_ERROR;
				CLANG_WARN_RANGE_LOOP_ANALYSIS = YES;
				CLANG_WARN_STRICT_PROTOTYPES = YES;
				CLANG_WARN_SUSPICIOUS_MOVE = YES;
				CLANG_WARN_UNGUARDED_AVAILABILITY = YES_AGGRESSIVE;
				CLANG_WARN_UNREACHABLE_CODE = YES;
				CLANG_WARN__DUPLICATE_METHOD_MATCH = YES;
				CODE_SIGN_IDENTITY = "iPhone Developer";
				COPY_PHASE_STRIP = NO;
				DEBUG_INFORMATION_FORMAT = "dwarf-with-dsym";
				ENABLE_NS_ASSERTIONS = NO;
				ENABLE_STRICT_OBJC_MSGSEND = YES;
				GCC_C_LANGUAGE_STANDARD = gnu11;
				GCC_NO_COMMON_BLOCKS = YES;
				GCC_WARN_64_TO_32_BIT_CONVERSION = YES;
				GCC_WARN_ABOUT_RETURN_TYPE = YES_ERROR;
				GCC_WARN_UNDECLARED_SELECTOR = YES;
				GCC_WARN_UNINITIALIZED_AUTOS = YES_AGGRESSIVE;
				GCC_WARN_UNUSED_FUNCTION = YES;
				GCC_WARN_UNUSED_VARIABLE = YES;
				IPHONEOS_DEPLOYMENT_TARGET = 11.1;
				MTL_ENABLE_DEBUG_INFO = NO;
				SDKROOT = iphoneos;
				SWIFT_OPTIMIZATION_LEVEL = "-Owholemodule";
				VALIDATE_PRODUCT = YES;
			};
			name = Release;
		};
		8EBAC358200CF00000D85B62 /* Debug */ = {
			isa = XCBuildConfiguration;
			baseConfigurationReference = 31D8452BA539DDD97994B91F /* Pods-24snaps.debug.xcconfig */;
			buildSettings = {
				ASSETCATALOG_COMPILER_APPICON_NAME = AppIcon;
				CLANG_ENABLE_MODULES = YES;
				CODE_SIGN_STYLE = Automatic;
				DEVELOPMENT_TEAM = H799H8B8DD;
				INFOPLIST_FILE = 24snaps/Info.plist;
				IPHONEOS_DEPLOYMENT_TARGET = 10.0;
				LD_RUNPATH_SEARCH_PATHS = "$(inherited) @executable_path/Frameworks";
				PRODUCT_BUNDLE_IDENTIFIER = tech.bobbyren.DisposableCamera;
				PRODUCT_MODULE_NAME = ios24snaps;
				PRODUCT_NAME = "$(TARGET_NAME)";
				SWIFT_OBJC_BRIDGING_HEADER = "24snaps/24snaps-Bridging-Header.h";
				SWIFT_OPTIMIZATION_LEVEL = "-Onone";
				SWIFT_VERSION = 4.0;
				TARGETED_DEVICE_FAMILY = "1,2";
			};
			name = Debug;
		};
		8EBAC359200CF00000D85B62 /* Release */ = {
			isa = XCBuildConfiguration;
			baseConfigurationReference = A61AED7CE4BB7BA7560D06B7 /* Pods-24snaps.release.xcconfig */;
			buildSettings = {
				ASSETCATALOG_COMPILER_APPICON_NAME = AppIcon;
				CLANG_ENABLE_MODULES = YES;
				CODE_SIGN_STYLE = Automatic;
				DEVELOPMENT_TEAM = H799H8B8DD;
				INFOPLIST_FILE = 24snaps/Info.plist;
				IPHONEOS_DEPLOYMENT_TARGET = 10.0;
				LD_RUNPATH_SEARCH_PATHS = "$(inherited) @executable_path/Frameworks";
				PRODUCT_BUNDLE_IDENTIFIER = tech.bobbyren.DisposableCamera;
				PRODUCT_MODULE_NAME = ios24snaps;
				PRODUCT_NAME = "$(TARGET_NAME)";
				SWIFT_OBJC_BRIDGING_HEADER = "24snaps/24snaps-Bridging-Header.h";
				SWIFT_VERSION = 4.0;
				TARGETED_DEVICE_FAMILY = "1,2";
			};
			name = Release;
		};
/* End XCBuildConfiguration section */

/* Begin XCConfigurationList section */
		8EBAC340200CF00000D85B62 /* Build configuration list for PBXProject "24snaps" */ = {
			isa = XCConfigurationList;
			buildConfigurations = (
				8EBAC355200CF00000D85B62 /* Debug */,
				8EBAC356200CF00000D85B62 /* Release */,
			);
			defaultConfigurationIsVisible = 0;
			defaultConfigurationName = Release;
		};
		8EBAC357200CF00000D85B62 /* Build configuration list for PBXNativeTarget "24snaps" */ = {
			isa = XCConfigurationList;
			buildConfigurations = (
				8EBAC358200CF00000D85B62 /* Debug */,
				8EBAC359200CF00000D85B62 /* Release */,
			);
			defaultConfigurationIsVisible = 0;
			defaultConfigurationName = Release;
		};
/* End XCConfigurationList section */
	};
	rootObject = 8EBAC33D200CF00000D85B62 /* Project object */;
}
